<?xml version="1.0" encoding="utf-8"?>
<Project ToolsVersion="4.0" xmlns="http://schemas.microsoft.com/developer/msbuild/2003">
  <ItemGroup>
    <Filter Include="Source Files">
      <UniqueIdentifier>{4FC737F1-C7A5-4376-A066-2A32D752A2FF}</UniqueIdentifier>
      <Extensions>cpp;c;cc;cxx;def;odl;idl;hpj;bat;asm;asmx</Extensions>
    </Filter>
    <Filter Include="Header Files">
      <UniqueIdentifier>{93995380-89BD-4b04-88EB-625FBE52EBFB}</UniqueIdentifier>
      <Extensions>h;hpp;hxx;hm;inl;inc;xsd</Extensions>
    </Filter>
    <Filter Include="Assets">
      <UniqueIdentifier>{2d54ee6a-4842-465f-a24c-ea1d67bfd9cb}</UniqueIdentifier>
      <Extensions>xml</Extensions>
    </Filter>
    <Filter Include="Common">
      <UniqueIdentifier>{49a02b38-fd1c-4aef-8ee3-05278acc4dff}</UniqueIdentifier>
    </Filter>
    <Filter Include="Common\Header Files">
      <UniqueIdentifier>{140c4c48-3e6d-438b-87b4-c64ab9914c09}</UniqueIdentifier>
    </Filter>
    <Filter Include="Common\Source Files">
      <UniqueIdentifier>{1acbee99-343e-479d-89c7-407d0207bbfd}</UniqueIdentifier>
    </Filter>
  </ItemGroup>
  <ItemGroup>
    <ClInclude Include="code\Main.hpp">
      <Filter>Header Files</Filter>
    </ClInclude>
    <ClInclude Include="code\common\PhyreCommonScene.h">
      <Filter>Common\Header Files</Filter>
    </ClInclude>
    <ClInclude Include="code\common\PhyreCommon.h">
      <Filter>Common\Header Files</Filter>
    </ClInclude>
    <ClInclude Include="code\assets.h">
      <Filter>Header Files</Filter>
    </ClInclude>
    <ClInclude Include="code\common\PhyreCommonAnimation.h">
      <Filter>Common\Header Files</Filter>
    </ClInclude>
    <ClInclude Include="code\common\PhyreCommonCluster.h">
      <Filter>Common\Header Files</Filter>
    </ClInclude>
    <ClInclude Include="code\common\PhyreCommonDebug.h">
      <Filter>Common\Header Files</Filter>
    </ClInclude>
    <ClInclude Include="code\common\PhyreCommonDialogs.h">
      <Filter>Common\Header Files</Filter>
    </ClInclude>
    <ClInclude Include="code\common\PhyreCommonFIOS.h">
      <Filter>Common\Header Files</Filter>
    </ClInclude>
    <ClInclude Include="code\common\PhyreCommonGameSprite.h">
      <Filter>Common\Header Files</Filter>
    </ClInclude>
    <ClInclude Include="code\common\PhyreCommonLevel.h">
      <Filter>Common\Header Files</Filter>
    </ClInclude>
    <ClInclude Include="code\common\PhyreCommonScripting.h">
      <Filter>Common\Header Files</Filter>
    </ClInclude>
    <ClInclude Include="code\common\PhyreCommonTexture.h">
      <Filter>Common\Header Files</Filter>
    </ClInclude>
  </ItemGroup>
  <ItemGroup>
    <ClCompile Include="code\Main.cpp">
      <Filter>Source Files</Filter>
    </ClCompile>
    <ClCompile Include="code\common\PhyreCommonScene.cpp">
      <Filter>Common\Source Files</Filter>
    </ClCompile>
    <ClCompile Include="code\common\PhyreCommonAnimation.cpp">
      <Filter>Common\Source Files</Filter>
    </ClCompile>
    <ClCompile Include="code\common\PhyreCommonDebug.cpp">
      <Filter>Common\Source Files</Filter>
    </ClCompile>
    <ClCompile Include="code\common\PhyreCommonDialogs.cpp">
      <Filter>Common\Source Files</Filter>
    </ClCompile>
    <ClCompile Include="code\common\PhyreCommonFIOS.cpp">
      <Filter>Common\Source Files</Filter>
    </ClCompile>
    <ClCompile Include="code\common\PhyreCommonGameSprite.cpp">
      <Filter>Common\Source Files</Filter>
    </ClCompile>
    <ClCompile Include="code\common\PhyreCommonScripting.cpp">
      <Filter>Common\Source Files</Filter>
    </ClCompile>
    <ClCompile Include="code\common\PhyreCommonTexture.cpp">
      <Filter>Common\Source Files</Filter>
    </ClCompile>
  </ItemGroup>
  <ItemGroup>
    <PhyreAssetGatherTask Include="Assets.xml">
      <Filter>Assets</Filter>
    </PhyreAssetGatherTask>
  </ItemGroup>
</Project>