
Microsoft Visual Studio Solution File, Format Version 12.00
# Visual Studio 2010
Project("{8BC9CEB8-8B4A-11D0-8D11-00A0C91BC942}") = "Project", "Project.vcxproj", "{43319CF4-094A-11E1-937C-54F74724019B}"
EndProject
Project("{2150E333-8FDC-42A3-9474-1A3956D46DE8}") = "Core", "Core", "{599BA337-3F16-4371-A14A-58387AE67042}"
EndProject
Project("{2150E333-8FDC-42A3-9474-1A3956D46DE8}") = "Framework", "Framework", "{4DACB7C7-14B9-4B53-AC63-683EFB17F158}"
EndProject
Project("{8BC9CEB8-8B4A-11D0-8D11-00A0C91BC942}") = "PhyreCore", "..\..\Core\PhyreCore.vcxproj", "{5201FE7C-03E6-11E1-B01C-997D4824019B}"
EndProject
Project("{8BC9CEB8-8B4A-11D0-8D11-00A0C91BC942}") = "PhyreFramework", "..\..\Framework\PhyreFramework.vcxproj", "{6720C73C-092E-11E1-B4CB-44D24724019B}"
EndProject
Global
	GlobalSection(SolutionConfigurationPlatforms) = preSolution
		Debug|PS3GCC = Debug|PS3GCC
		Debug|PS3SNC = Debug|PS3SNC
		Debug|PSVita = Debug|PSVita
		Debug|Win32D3D11 = Debug|Win32D3D11
		Debug|Win32GL = Debug|Win32GL
		Debug|x64D3D11 = Debug|x64D3D11
		Debug|x64GL = Debug|x64GL
		DebugOpt|PS3GCC = DebugOpt|PS3GCC
		DebugOpt|PS3SNC = DebugOpt|PS3SNC
		DebugOpt|PSVita = DebugOpt|PSVita
		DebugOpt|Win32D3D11 = DebugOpt|Win32D3D11
		DebugOpt|Win32GL = DebugOpt|Win32GL
		DebugOpt|x64D3D11 = DebugOpt|x64D3D11
		DebugOpt|x64GL = DebugOpt|x64GL
		Release|PS3GCC = Release|PS3GCC
		Release|PS3SNC = Release|PS3SNC
		Release|PSVita = Release|PSVita
		Release|Win32D3D11 = Release|Win32D3D11
		Release|Win32GL = Release|Win32GL
		Release|x64D3D11 = Release|x64D3D11
		Release|x64GL = Release|x64GL
	EndGlobalSection
	GlobalSection(ProjectConfigurationPlatforms) = postSolution
		{43319CF4-094A-11E1-937C-54F74724019B}.Debug|PS3GCC.ActiveCfg = Debug|x64
		{43319CF4-094A-11E1-937C-54F74724019B}.Debug|PS3SNC.ActiveCfg = Debug|x64
		{43319CF4-094A-11E1-937C-54F74724019B}.Debug|PSVita.ActiveCfg = Debug|x64
		{43319CF4-094A-11E1-937C-54F74724019B}.Debug|Win32D3D11.ActiveCfg = D3D11Debug|Win32
		{43319CF4-094A-11E1-937C-54F74724019B}.Debug|Win32D3D11.Build.0 = D3D11Debug|Win32
		{43319CF4-094A-11E1-937C-54F74724019B}.Debug|Win32GL.ActiveCfg = GLDebug|Win32
		{43319CF4-094A-11E1-937C-54F74724019B}.Debug|Win32GL.Build.0 = GLDebug|Win32
		{43319CF4-094A-11E1-937C-54F74724019B}.Debug|x64D3D11.ActiveCfg = D3D11Debug|x64
		{43319CF4-094A-11E1-937C-54F74724019B}.Debug|x64D3D11.Build.0 = D3D11Debug|x64
		{43319CF4-094A-11E1-937C-54F74724019B}.Debug|x64GL.ActiveCfg = GLDebug|x64
		{43319CF4-094A-11E1-937C-54F74724019B}.Debug|x64GL.Build.0 = GLDebug|x64
		{43319CF4-094A-11E1-937C-54F74724019B}.DebugOpt|PS3GCC.ActiveCfg = DebugOpt|x64
		{43319CF4-094A-11E1-937C-54F74724019B}.DebugOpt|PS3SNC.ActiveCfg = DebugOpt|x64
		{43319CF4-094A-11E1-937C-54F74724019B}.DebugOpt|PSVita.ActiveCfg = DebugOpt|x64
		{43319CF4-094A-11E1-937C-54F74724019B}.DebugOpt|Win32D3D11.ActiveCfg = D3D11DebugOpt|Win32
		{43319CF4-094A-11E1-937C-54F74724019B}.DebugOpt|Win32D3D11.Build.0 = D3D11DebugOpt|Win32
		{43319CF4-094A-11E1-937C-54F74724019B}.DebugOpt|Win32GL.ActiveCfg = GLDebugOpt|Win32
		{43319CF4-094A-11E1-937C-54F74724019B}.DebugOpt|Win32GL.Build.0 = GLDebugOpt|Win32
		{43319CF4-094A-11E1-937C-54F74724019B}.DebugOpt|x64D3D11.ActiveCfg = D3D11DebugOpt|x64
		{43319CF4-094A-11E1-937C-54F74724019B}.DebugOpt|x64D3D11.Build.0 = D3D11DebugOpt|x64
		{43319CF4-094A-11E1-937C-54F74724019B}.DebugOpt|x64GL.ActiveCfg = GLDebugOpt|x64
		{43319CF4-094A-11E1-937C-54F74724019B}.DebugOpt|x64GL.Build.0 = GLDebugOpt|x64
		{43319CF4-094A-11E1-937C-54F74724019B}.Release|PS3GCC.ActiveCfg = Release|x64
		{43319CF4-094A-11E1-937C-54F74724019B}.Release|PS3SNC.ActiveCfg = Release|x64
		{43319CF4-094A-11E1-937C-54F74724019B}.Release|PSVita.ActiveCfg = Release|x64
		{43319CF4-094A-11E1-937C-54F74724019B}.Release|Win32D3D11.ActiveCfg = D3D11Release|Win32
		{43319CF4-094A-11E1-937C-54F74724019B}.Release|Win32D3D11.Build.0 = D3D11Release|Win32
		{43319CF4-094A-11E1-937C-54F74724019B}.Release|Win32GL.ActiveCfg = GLRelease|Win32
		{43319CF4-094A-11E1-937C-54F74724019B}.Release|Win32GL.Build.0 = GLRelease|Win32
		{43319CF4-094A-11E1-937C-54F74724019B}.Release|x64D3D11.ActiveCfg = D3D11Release|x64
		{43319CF4-094A-11E1-937C-54F74724019B}.Release|x64D3D11.Build.0 = D3D11Release|x64
		{43319CF4-094A-11E1-937C-54F74724019B}.Release|x64GL.ActiveCfg = GLRelease|x64
		{43319CF4-094A-11E1-937C-54F74724019B}.Release|x64GL.Build.0 = GLRelease|x64
		{5201FE7C-03E6-11E1-B01C-997D4824019B}.Debug|PS3GCC.ActiveCfg = Debug|PS3
		{5201FE7C-03E6-11E1-B01C-997D4824019B}.Debug|PS3GCC.Build.0 = Debug|PS3
		{5201FE7C-03E6-11E1-B01C-997D4824019B}.Debug|PS3SNC.ActiveCfg = PS3SNCDebug|PS3
		{5201FE7C-03E6-11E1-B01C-997D4824019B}.Debug|PS3SNC.Build.0 = PS3SNCDebug|PS3
		{5201FE7C-03E6-11E1-B01C-997D4824019B}.Debug|PSVita.ActiveCfg = Debug|PSVita
		{5201FE7C-03E6-11E1-B01C-997D4824019B}.Debug|PSVita.Build.0 = Debug|PSVita
		{5201FE7C-03E6-11E1-B01C-997D4824019B}.Debug|Win32D3D11.ActiveCfg = D3D11Debug|Win32
		{5201FE7C-03E6-11E1-B01C-997D4824019B}.Debug|Win32D3D11.Build.0 = D3D11Debug|Win32
		{5201FE7C-03E6-11E1-B01C-997D4824019B}.Debug|Win32GL.ActiveCfg = GLDebug|Win32
		{5201FE7C-03E6-11E1-B01C-997D4824019B}.Debug|Win32GL.Build.0 = GLDebug|Win32
		{5201FE7C-03E6-11E1-B01C-997D4824019B}.Debug|x64D3D11.ActiveCfg = D3D11Debug|x64
		{5201FE7C-03E6-11E1-B01C-997D4824019B}.Debug|x64D3D11.Build.0 = D3D11Debug|x64
		{5201FE7C-03E6-11E1-B01C-997D4824019B}.Debug|x64GL.ActiveCfg = GLDebug|x64
		{5201FE7C-03E6-11E1-B01C-997D4824019B}.Debug|x64GL.Build.0 = GLDebug|x64
		{5201FE7C-03E6-11E1-B01C-997D4824019B}.DebugOpt|PS3GCC.ActiveCfg = DebugOpt|PS3
		{5201FE7C-03E6-11E1-B01C-997D4824019B}.DebugOpt|PS3GCC.Build.0 = DebugOpt|PS3
		{5201FE7C-03E6-11E1-B01C-997D4824019B}.DebugOpt|PS3SNC.ActiveCfg = PS3SNCDebugOpt|PS3
		{5201FE7C-03E6-11E1-B01C-997D4824019B}.DebugOpt|PS3SNC.Build.0 = PS3SNCDebugOpt|PS3
		{5201FE7C-03E6-11E1-B01C-997D4824019B}.DebugOpt|PSVita.ActiveCfg = DebugOpt|PSVita
		{5201FE7C-03E6-11E1-B01C-997D4824019B}.DebugOpt|PSVita.Build.0 = DebugOpt|PSVita
		{5201FE7C-03E6-11E1-B01C-997D4824019B}.DebugOpt|Win32D3D11.ActiveCfg = D3D11DebugOpt|Win32
		{5201FE7C-03E6-11E1-B01C-997D4824019B}.DebugOpt|Win32D3D11.Build.0 = D3D11DebugOpt|Win32
		{5201FE7C-03E6-11E1-B01C-997D4824019B}.DebugOpt|Win32GL.ActiveCfg = GLDebugOpt|Win32
		{5201FE7C-03E6-11E1-B01C-997D4824019B}.DebugOpt|Win32GL.Build.0 = GLDebugOpt|Win32
		{5201FE7C-03E6-11E1-B01C-997D4824019B}.DebugOpt|x64D3D11.ActiveCfg = D3D11DebugOpt|x64
		{5201FE7C-03E6-11E1-B01C-997D4824019B}.DebugOpt|x64D3D11.Build.0 = D3D11DebugOpt|x64
		{5201FE7C-03E6-11E1-B01C-997D4824019B}.DebugOpt|x64GL.ActiveCfg = GLDebugOpt|x64
		{5201FE7C-03E6-11E1-B01C-997D4824019B}.DebugOpt|x64GL.Build.0 = GLDebugOpt|x64
		{5201FE7C-03E6-11E1-B01C-997D4824019B}.Release|PS3GCC.ActiveCfg = Release|PS3
		{5201FE7C-03E6-11E1-B01C-997D4824019B}.Release|PS3GCC.Build.0 = Release|PS3
		{5201FE7C-03E6-11E1-B01C-997D4824019B}.Release|PS3SNC.ActiveCfg = PS3SNCRelease|PS3
		{5201FE7C-03E6-11E1-B01C-997D4824019B}.Release|PS3SNC.Build.0 = PS3SNCRelease|PS3
		{5201FE7C-03E6-11E1-B01C-997D4824019B}.Release|PSVita.ActiveCfg = Release|PSVita
		{5201FE7C-03E6-11E1-B01C-997D4824019B}.Release|PSVita.Build.0 = Release|PSVita
		{5201FE7C-03E6-11E1-B01C-997D4824019B}.Release|Win32D3D11.ActiveCfg = D3D11Release|Win32
		{5201FE7C-03E6-11E1-B01C-997D4824019B}.Release|Win32D3D11.Build.0 = D3D11Release|Win32
		{5201FE7C-03E6-11E1-B01C-997D4824019B}.Release|Win32GL.ActiveCfg = GLRelease|Win32
		{5201FE7C-03E6-11E1-B01C-997D4824019B}.Release|Win32GL.Build.0 = GLRelease|Win32
		{5201FE7C-03E6-11E1-B01C-997D4824019B}.Release|x64D3D11.ActiveCfg = D3D11Release|x64
		{5201FE7C-03E6-11E1-B01C-997D4824019B}.Release|x64D3D11.Build.0 = D3D11Release|x64
		{5201FE7C-03E6-11E1-B01C-997D4824019B}.Release|x64GL.ActiveCfg = GLRelease|x64
		{5201FE7C-03E6-11E1-B01C-997D4824019B}.Release|x64GL.Build.0 = GLRelease|x64
		{6720C73C-092E-11E1-B4CB-44D24724019B}.Debug|PS3GCC.ActiveCfg = Debug|PS3
		{6720C73C-092E-11E1-B4CB-44D24724019B}.Debug|PS3GCC.Build.0 = Debug|PS3
		{6720C73C-092E-11E1-B4CB-44D24724019B}.Debug|PS3SNC.ActiveCfg = PS3SNCDebug|PS3
		{6720C73C-092E-11E1-B4CB-44D24724019B}.Debug|PS3SNC.Build.0 = PS3SNCDebug|PS3
		{6720C73C-092E-11E1-B4CB-44D24724019B}.Debug|PSVita.ActiveCfg = Debug|PSVita
		{6720C73C-092E-11E1-B4CB-44D24724019B}.Debug|PSVita.Build.0 = Debug|PSVita
		{6720C73C-092E-11E1-B4CB-44D24724019B}.Debug|Win32D3D11.ActiveCfg = D3D11Debug|Win32
		{6720C73C-092E-11E1-B4CB-44D24724019B}.Debug|Win32D3D11.Build.0 = D3D11Debug|Win32
		{6720C73C-092E-11E1-B4CB-44D24724019B}.Debug|Win32GL.ActiveCfg = GLDebug|Win32
		{6720C73C-092E-11E1-B4CB-44D24724019B}.Debug|Win32GL.Build.0 = GLDebug|Win32
		{6720C73C-092E-11E1-B4CB-44D24724019B}.Debug|x64D3D11.ActiveCfg = D3D11Debug|x64
		{6720C73C-092E-11E1-B4CB-44D24724019B}.Debug|x64D3D11.Build.0 = D3D11Debug|x64
		{6720C73C-092E-11E1-B4CB-44D24724019B}.Debug|x64GL.ActiveCfg = GLDebug|x64
		{6720C73C-092E-11E1-B4CB-44D24724019B}.Debug|x64GL.Build.0 = GLDebug|x64
		{6720C73C-092E-11E1-B4CB-44D24724019B}.DebugOpt|PS3GCC.ActiveCfg = DebugOpt|PS3
		{6720C73C-092E-11E1-B4CB-44D24724019B}.DebugOpt|PS3GCC.Build.0 = DebugOpt|PS3
		{6720C73C-092E-11E1-B4CB-44D24724019B}.DebugOpt|PS3SNC.ActiveCfg = PS3SNCDebugOpt|PS3
		{6720C73C-092E-11E1-B4CB-44D24724019B}.DebugOpt|PS3SNC.Build.0 = PS3SNCDebugOpt|PS3
		{6720C73C-092E-11E1-B4CB-44D24724019B}.DebugOpt|PSVita.ActiveCfg = DebugOpt|PSVita
		{6720C73C-092E-11E1-B4CB-44D24724019B}.DebugOpt|PSVita.Build.0 = DebugOpt|PSVita
		{6720C73C-092E-11E1-B4CB-44D24724019B}.DebugOpt|Win32D3D11.ActiveCfg = D3D11DebugOpt|Win32
		{6720C73C-092E-11E1-B4CB-44D24724019B}.DebugOpt|Win32D3D11.Build.0 = D3D11DebugOpt|Win32
		{6720C73C-092E-11E1-B4CB-44D24724019B}.DebugOpt|Win32GL.ActiveCfg = GLDebugOpt|Win32
		{6720C73C-092E-11E1-B4CB-44D24724019B}.DebugOpt|Win32GL.Build.0 = GLDebugOpt|Win32
		{6720C73C-092E-11E1-B4CB-44D24724019B}.DebugOpt|x64D3D11.ActiveCfg = D3D11DebugOpt|x64
		{6720C73C-092E-11E1-B4CB-44D24724019B}.DebugOpt|x64D3D11.Build.0 = D3D11DebugOpt|x64
		{6720C73C-092E-11E1-B4CB-44D24724019B}.DebugOpt|x64GL.ActiveCfg = GLDebugOpt|x64
		{6720C73C-092E-11E1-B4CB-44D24724019B}.DebugOpt|x64GL.Build.0 = GLDebugOpt|x64
		{6720C73C-092E-11E1-B4CB-44D24724019B}.Release|PS3GCC.ActiveCfg = Release|PS3
		{6720C73C-092E-11E1-B4CB-44D24724019B}.Release|PS3GCC.Build.0 = Release|PS3
		{6720C73C-092E-11E1-B4CB-44D24724019B}.Release|PS3SNC.ActiveCfg = PS3SNCRelease|PS3
		{6720C73C-092E-11E1-B4CB-44D24724019B}.Release|PS3SNC.Build.0 = PS3SNCRelease|PS3
		{6720C73C-092E-11E1-B4CB-44D24724019B}.Release|PSVita.ActiveCfg = Release|PSVita
		{6720C73C-092E-11E1-B4CB-44D24724019B}.Release|PSVita.Build.0 = Release|PSVita
		{6720C73C-092E-11E1-B4CB-44D24724019B}.Release|Win32D3D11.ActiveCfg = D3D11Release|Win32
		{6720C73C-092E-11E1-B4CB-44D24724019B}.Release|Win32D3D11.Build.0 = D3D11Release|Win32
		{6720C73C-092E-11E1-B4CB-44D24724019B}.Release|Win32GL.ActiveCfg = GLRelease|Win32
		{6720C73C-092E-11E1-B4CB-44D24724019B}.Release|Win32GL.Build.0 = GLRelease|Win32
		{6720C73C-092E-11E1-B4CB-44D24724019B}.Release|x64D3D11.ActiveCfg = D3D11Release|x64
		{6720C73C-092E-11E1-B4CB-44D24724019B}.Release|x64D3D11.Build.0 = D3D11Release|x64
		{6720C73C-092E-11E1-B4CB-44D24724019B}.Release|x64GL.ActiveCfg = GLRelease|x64
		{6720C73C-092E-11E1-B4CB-44D24724019B}.Release|x64GL.Build.0 = GLRelease|x64
	EndGlobalSection
	GlobalSection(SolutionProperties) = preSolution
		HideSolutionNode = FALSE
	EndGlobalSection
	GlobalSection(NestedProjects) = preSolution
		{5201FE7C-03E6-11E1-B01C-997D4824019B} = {599BA337-3F16-4371-A14A-58387AE67042}
		{6720C73C-092E-11E1-B4CB-44D24724019B} = {4DACB7C7-14B9-4B53-AC63-683EFB17F158}
	EndGlobalSection
EndGlobal
